// !$*UTF8*$!
{
	archiveVersion = 1;
	classes = {
	};
	objectVersion = 77;
	objects = {

/* Begin PBXContainerItemProxy section */
		DD36F4122DF10EC500526C86 /* PBXContainerItemProxy */ = {
			isa = PBXContainerItemProxy;
			containerPortal = DD36F3F72DF10EBF00526C86 /* Project object */;
			proxyType = 1;
			remoteGlobalIDString = DD36F3FE2DF10EBF00526C86;
			remoteInfo = "AI  App 3.0";
		};
		DD36F41C2DF10EC500526C86 /* PBXContainerItemProxy */ = {
			isa = PBXContainerItemProxy;
			containerPortal = DD36F3F72DF10EBF00526C86 /* Project object */;
			proxyType = 1;
			remoteGlobalIDString = DD36F3FE2DF10EBF00526C86;
			remoteInfo = "AI  App 3.0";
		};
/* End PBXContainerItemProxy section */

/* Begin PBXFileReference section */
		DD36F3FF2DF10EBF00526C86 /* AI  App 3.0.app */ = {isa = PBXFileReference; explicitFileType = wrapper.application; includeInIndex = 0; path = "AI  App 3.0.app"; sourceTree = BUILT_PRODUCTS_DIR; };
		DD36F4112DF10EC500526C86 /* AI  App 3.0Tests.xctest */ = {isa = PBXFileReference; explicitFileType = wrapper.cfbundle; includeInIndex = 0; path = "AI  App 3.0Tests.xctest"; sourceTree = BUILT_PRODUCTS_DIR; };
		DD36F41B2DF10EC500526C86 /* AI  App 3.0UITests.xctest */ = {isa = PBXFileReference; explicitFileType = wrapper.cfbundle; includeInIndex = 0; path = "AI  App 3.0UITests.xctest"; sourceTree = BUILT_PRODUCTS_DIR; };
/* End PBXFileReference section */

/* Begin PBXFileSystemSynchronizedRootGroup section */
		DD36F4012DF10EBF00526C86 /* AI  App 3.0 */ = {
			isa = PBXFileSystemSynchronizedRootGroup;
			path = "AI  App 3.0";
			sourceTree = "<group>";
		};
		DD36F4142DF10EC500526C86 /* AI  App 3.0Tests */ = {
			isa = PBXFileSystemSynchronizedRootGroup;
			path = "AI  App 3.0Tests";
			sourceTree = "<group>";
		};
		DD36F41E2DF10EC500526C86 /* AI  App 3.0UITests */ = {
			isa = PBXFileSystemSynchronizedRootGroup;
			path = "AI  App 3.0UITests";
			sourceTree = "<group>";
		};
/* End PBXFileSystemSynchronizedRootGroup section */

/* Begin PBXFrameworksBuildPhase section */
		DD36F3FC2DF10EBF00526C86 /* Frameworks */ = {
			isa = PBXFrameworksBuildPhase;
			buildActionMask = 2147483647;
			files = (
			);
			runOnlyForDeploymentPostprocessing = 0;
		};
		DD36F40E2DF10EC500526C86 /* Frameworks */ = {
			isa = PBXFrameworksBuildPhase;
			buildActionMask = 2147483647;
			files = (
			);
			runOnlyForDeploymentPostprocessing = 0;
		};
		DD36F4182DF10EC500526C86 /* Frameworks */ = {
			isa = PBXFrameworksBuildPhase;
			buildActionMask = 2147483647;
			files = (
			);
			runOnlyForDeploymentPostprocessing = 0;
		};
/* End PBXFrameworksBuildPhase section */

/* Begin PBXGroup section */
		DD36F3F62DF10EBF00526C86 = {
			isa = PBXGroup;
			children = (
				DD36F4012DF10EBF00526C86 /* AI  App 3.0 */,
				DD36F4142DF10EC500526C86 /* AI  App 3.0Tests */,
				DD36F41E2DF10EC500526C86 /* AI  App 3.0UITests */,
				DD36F4002DF10EBF00526C86 /* Products */,
			);
			sourceTree = "<group>";
		};
		DD36F4002DF10EBF00526C86 /* Products */ = {
			isa = PBXGroup;
			children = (
				DD36F3FF2DF10EBF00526C86 /* AI  App 3.0.app */,
				DD36F4112DF10EC500526C86 /* AI  App 3.0Tests.xctest */,
				DD36F41B2DF10EC500526C86 /* AI  App 3.0UITests.xctest */,
			);
			name = Products;
			sourceTree = "<group>";
		};
/* End PBXGroup section */

/* Begin PBXNativeTarget section */
		DD36F3FE2DF10EBF00526C86 /* AI  App 3.0 */ = {
			isa = PBXNativeTarget;
			buildConfigurationList = DD36F4252DF10EC500526C86 /* Build configuration list for PBXNativeTarget "AI  App 3.0" */;
			buildPhases = (
				DD36F3FB2DF10EBF00526C86 /* Sources */,
				DD36F3FC2DF10EBF00526C86 /* Frameworks */,
				DD36F3FD2DF10EBF00526C86 /* Resources */,
			);
			buildRules = (
			);
			dependencies = (
			);
			fileSystemSynchronizedGroups = (
				DD36F4012DF10EBF00526C86 /* AI  App 3.0 */,
			);
			name = "AI  App 3.0";
			packageProductDependencies = (
			);
			productName = "AI  App 3.0";
			productReference = DD36F3FF2DF10EBF00526C86 /* AI  App 3.0.app */;
			productType = "com.apple.product-type.application";
		};
		DD36F4102DF10EC500526C86 /* AI  App 3.0Tests */ = {
			isa = PBXNativeTarget;
			buildConfigurationList = DD36F4282DF10EC500526C86 /* Build configuration list for PBXNativeTarget "AI  App 3.0Tests" */;
			buildPhases = (
				DD36F40D2DF10EC500526C86 /* Sources */,
				DD36F40E2DF10EC500526C86 /* Frameworks */,
				DD36F40F2DF10EC500526C86 /* Resources */,
			);
			buildRules = (
			);
			dependencies = (
				DD36F4132DF10EC500526C86 /* PBXTargetDependency */,
			);
			fileSystemSynchronizedGroups = (
				DD36F4142DF10EC500526C86 /* AI  App 3.0Tests */,
			);
			name = "AI  App 3.0Tests";
			packageProductDependencies = (
			);
			productName = "AI  App 3.0Tests";
			productReference = DD36F4112DF10EC500526C86 /* AI  App 3.0Tests.xctest */;
			productType = "com.apple.product-type.bundle.unit-test";
		};
		DD36F41A2DF10EC500526C86 /* AI  App 3.0UITests */ = {
			isa = PBXNativeTarget;
			buildConfigurationList = DD36F42B2DF10EC500526C86 /* Build configuration list for PBXNativeTarget "AI  App 3.0UITests" */;
			buildPhases = (
				DD36F4172DF10EC500526C86 /* Sources */,
				DD36F4182DF10EC500526C86 /* Frameworks */,
				DD36F4192DF10EC500526C86 /* Resources */,
			);
			buildRules = (
			);
			dependencies = (
				DD36F41D2DF10EC500526C86 /* PBXTargetDependency */,
			);
			fileSystemSynchronizedGroups = (
				DD36F41E2DF10EC500526C86 /* AI  App 3.0UITests */,
			);
			name = "AI  App 3.0UITests";
			packageProductDependencies = (
			);
			productName = "AI  App 3.0UITests";
			productReference = DD36F41B2DF10EC500526C86 /* AI  App 3.0UITests.xctest */;
			productType = "com.apple.product-type.bundle.ui-testing";
		};
/* End PBXNativeTarget section */

/* Begin PBXProject section */
		DD36F3F72DF10EBF00526C86 /* Project object */ = {
			isa = PBXProject;
			attributes = {
				BuildIndependentTargetsInParallel = 1;
				LastSwiftUpdateCheck = 1610;
				LastUpgradeCheck = 1610;
				TargetAttributes = {
					DD36F3FE2DF10EBF00526C86 = {
						CreatedOnToolsVersion = 16.1;
					};
					DD36F4102DF10EC500526C86 = {
						CreatedOnToolsVersion = 16.1;
						TestTargetID = DD36F3FE2DF10EBF00526C86;
					};
					DD36F41A2DF10EC500526C86 = {
						CreatedOnToolsVersion = 16.1;
						TestTargetID = DD36F3FE2DF10EBF00526C86;
					};
				};
			};
			buildConfigurationList = DD36F3FA2DF10EBF00526C86 /* Build configuration list for PBXProject "AI  App 3.0" */;
			developmentRegion = en;
			hasScannedForEncodings = 0;
			knownRegions = (
				en,
				Base,
			);
			mainGroup = DD36F3F62DF10EBF00526C86;
			minimizedProjectReferenceProxies = 1;
			preferredProjectObjectVersion = 77;
			productRefGroup = DD36F4002DF10EBF00526C86 /* Products */;
			projectDirPath = "";
			projectRoot = "";
			targets = (
				DD36F3FE2DF10EBF00526C86 /* AI  App 3.0 */,
				DD36F4102DF10EC500526C86 /* AI  App 3.0Tests */,
				DD36F41A2DF10EC500526C86 /* AI  App 3.0UITests */,
			);
		};
/* End PBXProject section */

/* Begin PBXResourcesBuildPhase section */
		DD36F3FD2DF10EBF00526C86 /* Resources */ = {
			isa = PBXResourcesBuildPhase;
			buildActionMask = 2147483647;
			files = (
			);
			runOnlyForDeploymentPostprocessing = 0;
		};
		DD36F40F2DF10EC500526C86 /* Resources */ = {
			isa = PBXResourcesBuildPhase;
			buildActionMask = 2147483647;
			files = (
			);
			runOnlyForDeploymentPostprocessing = 0;
		};
		DD36F4192DF10EC500526C86 /* Resources */ = {
			isa = PBXResourcesBuildPhase;
			buildActionMask = 2147483647;
			files = (
			);
			runOnlyForDeploymentPostprocessing = 0;
		};
/* End PBXResourcesBuildPhase section */

/* Begin PBXSourcesBuildPhase section */
		DD36F3FB2DF10EBF00526C86 /* Sources */ = {
			isa = PBXSourcesBuildPhase;
			buildActionMask = 2147483647;
			files = (
			);
			runOnlyForDeploymentPostprocessing = 0;
		};
		DD36F40D2DF10EC500526C86 /* Sources */ = {
			isa = PBXSourcesBuildPhase;
			buildActionMask = 2147483647;
			files = (
			);
			runOnlyForDeploymentPostprocessing = 0;
		};
		DD36F4172DF10EC500526C86 /* Sources */ = {
			isa = PBXSourcesBuildPhase;
			buildActionMask = 2147483647;
			files = (
			);
			runOnlyForDeploymentPostprocessing = 0;
		};
/* End PBXSourcesBuildPhase section */

/* Begin PBXTargetDependency section */
		DD36F4132DF10EC500526C86 /* PBXTargetDependency */ = {
			isa = PBXTargetDependency;
			target = DD36F3FE2DF10EBF00526C86 /* AI  App 3.0 */;
			targetProxy = DD36F4122DF10EC500526C86 /* PBXContainerItemProxy */;
		};
		DD36F41D2DF10EC500526C86 /* PBXTargetDependency */ = {
			isa = PBXTargetDependency;
			target = DD36F3FE2DF10EBF00526C86 /* AI  App 3.0 */;
			targetProxy = DD36F41C2DF10EC500526C86 /* PBXContainerItemProxy */;
		};
/* End PBXTargetDependency section */

/* Begin XCBuildConfiguration section */
		DD36F4232DF10EC500526C86 /* Debug */ = {
			isa = XCBuildConfiguration;
			buildSettings = {
				ALWAYS_SEARCH_USER_PATHS = NO;
				ASSETCATALOG_COMPILER_GENERATE_SWIFT_ASSET_SYMBOL_EXTENSIONS = YES;
				CLANG_ANALYZER_NONNULL = YES;
				CLANG_ANALYZER_NUMBER_OBJECT_CONVERSION = YES_AGGRESSIVE;
				CLANG_CXX_LANGUAGE_STANDARD = "gnu++20";
				CLANG_ENABLE_MODULES = YES;
				CLANG_ENABLE_OBJC_ARC = YES;
				CLANG_ENABLE_OBJC_WEAK = YES;
				CLANG_WARN_BLOCK_CAPTURE_AUTORELEASING = YES;
				CLANG_WARN_BOOL_CONVERSION = YES;
				CLANG_WARN_COMMA = YES;
				CLANG_WARN_CONSTANT_CONVERSION = YES;
				CLANG_WARN_DEPRECATED_OBJC_IMPLEMENTATIONS = YES;
				CLANG_WARN_DIRECT_OBJC_ISA_USAGE = YES_ERROR;
				CLANG_WARN_DOCUMENTATION_COMMENTS = YES;
				CLANG_WARN_EMPTY_BODY = YES;
				CLANG_WARN_ENUM_CONVERSION = YES;
				CLANG_WARN_INFINITE_RECURSION = YES;
				CLANG_WARN_INT_CONVERSION = YES;
				CLANG_WARN_NON_LITERAL_NULL_CONVERSION = YES;
				CLANG_WARN_OBJC_IMPLICIT_RETAIN_SELF = YES;
				CLANG_WARN_OBJC_LITERAL_CONVERSION = YES;
				CLANG_WARN_OBJC_ROOT_CLASS = YES_ERROR;
				CLANG_WARN_QUOTED_INCLUDE_IN_FRAMEWORK_HEADER = YES;
				CLANG_WARN_RANGE_LOOP_ANALYSIS = YES;
				CLANG_WARN_STRICT_PROTOTYPES = YES;
				CLANG_WARN_SUSPICIOUS_MOVE = YES;
				CLANG_WARN_UNGUARDED_AVAILABILITY = YES_AGGRESSIVE;
				CLANG_WARN_UNREACHABLE_CODE = YES;
				CLANG_WARN__DUPLICATE_METHOD_MATCH = YES;
				COPY_PHASE_STRIP = NO;
				DEBUG_INFORMATION_FORMAT = dwarf;
				ENABLE_STRICT_OBJC_MSGSEND = YES;
				ENABLE_TESTABILITY = YES;
				ENABLE_USER_SCRIPT_SANDBOXING = YES;
				GCC_C_LANGUAGE_STANDARD = gnu17;
				GCC_DYNAMIC_NO_PIC = NO;
				GCC_NO_COMMON_BLOCKS = YES;
				GCC_OPTIMIZATION_LEVEL = 0;
				GCC_PREPROCESSOR_DEFINITIONS = (
					"DEBUG=1",
					"$(inherited)",
				);
				GCC_WARN_64_TO_32_BIT_CONVERSION = YES;
				GCC_WARN_ABOUT_RETURN_TYPE = YES_ERROR;
				GCC_WARN_UNDECLARED_SELECTOR = YES;
				GCC_WARN_UNINITIALIZED_AUTOS = YES_AGGRESSIVE;
				GCC_WARN_UNUSED_FUNCTION = YES;
				GCC_WARN_UNUSED_VARIABLE = YES;
				IPHONEOS_DEPLOYMENT_TARGET = 18.1;
				LOCALIZATION_PREFERS_STRING_CATALOGS = YES;
				MTL_ENABLE_DEBUG_INFO = INCLUDE_SOURCE;
				MTL_FAST_MATH = YES;
				ONLY_ACTIVE_ARCH = YES;
				SDKROOT = iphoneos;
				SWIFT_ACTIVE_COMPILATION_CONDITIONS = "DEBUG $(inherited)";
				SWIFT_OPTIMIZATION_LEVEL = "-Onone";
			};
			name = Debug;
		};
		DD36F4242DF10EC500526C86 /* Release */ = {
			isa = XCBuildConfiguration;
			buildSettings = {
				ALWAYS_SEARCH_USER_PATHS = NO;
				ASSETCATALOG_COMPILER_GENERATE_SWIFT_ASSET_SYMBOL_EXTENSIONS = YES;
				CLANG_ANALYZER_NONNULL = YES;
				CLANG_ANALYZER_NUMBER_OBJECT_CONVERSION = YES_AGGRESSIVE;
				CLANG_CXX_LANGUAGE_STANDARD = "gnu++20";
				CLANG_ENABLE_MODULES = YES;
				CLANG_ENABLE_OBJC_ARC = YES;
				CLANG_ENABLE_OBJC_WEAK = YES;
				CLANG_WARN_BLOCK_CAPTURE_AUTORELEASING = YES;
				CLANG_WARN_BOOL_CONVERSION = YES;
				CLANG_WARN_COMMA = YES;
				CLANG_WARN_CONSTANT_CONVERSION = YES;
				CLANG_WARN_DEPRECATED_OBJC_IMPLEMENTATIONS = YES;
				CLANG_WARN_DIRECT_OBJC_ISA_USAGE = YES_ERROR;
				CLANG_WARN_DOCUMENTATION_COMMENTS = YES;
				CLANG_WARN_EMPTY_BODY = YES;
				CLANG_WARN_ENUM_CONVERSION = YES;
				CLANG_WARN_INFINITE_RECURSION = YES;
				CLANG_WARN_INT_CONVERSION = YES;
				CLANG_WARN_NON_LITERAL_NULL_CONVERSION = YES;
				CLANG_WARN_OBJC_IMPLICIT_RETAIN_SELF = YES;
				CLANG_WARN_OBJC_LITERAL_CONVERSION = YES;
				CLANG_WARN_OBJC_ROOT_CLASS = YES_ERROR;
				CLANG_WARN_QUOTED_INCLUDE_IN_FRAMEWORK_HEADER = YES;
				CLANG_WARN_RANGE_LOOP_ANALYSIS = YES;
				CLANG_WARN_STRICT_PROTOTYPES = YES;
				CLANG_WARN_SUSPICIOUS_MOVE = YES;
				CLANG_WARN_UNGUARDED_AVAILABILITY = YES_AGGRESSIVE;
				CLANG_WARN_UNREACHABLE_CODE = YES;
				CLANG_WARN__DUPLICATE_METHOD_MATCH = YES;
				COPY_PHASE_STRIP = NO;
				DEBUG_INFORMATION_FORMAT = "dwarf-with-dsym";
				ENABLE_NS_ASSERTIONS = NO;
				ENABLE_STRICT_OBJC_MSGSEND = YES;
				ENABLE_USER_SCRIPT_SANDBOXING = YES;
				GCC_C_LANGUAGE_STANDARD = gnu17;
				GCC_NO_COMMON_BLOCKS = YES;
				GCC_WARN_64_TO_32_BIT_CONVERSION = YES;
				GCC_WARN_ABOUT_RETURN_TYPE = YES_ERROR;
				GCC_WARN_UNDECLARED_SELECTOR = YES;
				GCC_WARN_UNINITIALIZED_AUTOS = YES_AGGRESSIVE;
				GCC_WARN_UNUSED_FUNCTION = YES;
				GCC_WARN_UNUSED_VARIABLE = YES;
				IPHONEOS_DEPLOYMENT_TARGET = 18.1;
				LOCALIZATION_PREFERS_STRING_CATALOGS = YES;
				MTL_ENABLE_DEBUG_INFO = NO;
				MTL_FAST_MATH = YES;
				SDKROOT = iphoneos;
				SWIFT_COMPILATION_MODE = wholemodule;
				VALIDATE_PRODUCT = YES;
			};
			name = Release;
		};
		DD36F4262DF10EC500526C86 /* Debug */ = {
			isa = XCBuildConfiguration;
			buildSettings = {
				ASSETCATALOG_COMPILER_APPICON_NAME = AppIcon;
				ASSETCATALOG_COMPILER_GLOBAL_ACCENT_COLOR_NAME = AccentColor;
				CODE_SIGN_STYLE = Automatic;
				CURRENT_PROJECT_VERSION = 1;
				DEVELOPMENT_ASSET_PATHS = "\"AI  App 3.0/Preview Content\"";
				DEVELOPMENT_TEAM = UWK5872W78;
				ENABLE_PREVIEWS = YES;
				GENERATE_INFOPLIST_FILE = YES;
				INFOPLIST_KEY_UIApplicationSceneManifest_Generation = YES;
				INFOPLIST_KEY_UIApplicationSupportsIndirectInputEvents = YES;
				INFOPLIST_KEY_UILaunchScreen_Generation = YES;
				INFOPLIST_KEY_UISupportedInterfaceOrientations_iPad = "UIInterfaceOrientationPortrait UIInterfaceOrientationPortraitUpsideDown UIInterfaceOrientationLandscapeLeft UIInterfaceOrientationLandscapeRight";
				INFOPLIST_KEY_UISupportedInterfaceOrientations_iPhone = "UIInterfaceOrientationPortrait UIInterfaceOrientationLandscapeLeft UIInterfaceOrientationLandscapeRight";
				LD_RUNPATH_SEARCH_PATHS = (
					"$(inherited)",
					"@executable_path/Frameworks",
				);
				MARKETING_VERSION = 1.0;
				PRODUCT_BUNDLE_IDENTIFIER = "ai.spp.AI--App-3-0";
				PRODUCT_NAME = "$(TARGET_NAME)";
				SWIFT_EMIT_LOC_STRINGS = YES;
				SWIFT_VERSION = 5.0;
				TARGETED_DEVICE_FAMILY = "1,2";
			};
			name = Debug;
		};
		DD36F4272DF10EC500526C86 /* Release */ = {
			isa = XCBuildConfiguration;
			buildSettings = {
				ASSETCATALOG_COMPILER_APPICON_NAME = AppIcon;
				ASSETCATALOG_COMPILER_GLOBAL_ACCENT_COLOR_NAME = AccentColor;
				CODE_SIGN_STYLE = Automatic;
				CURRENT_PROJECT_VERSION = 1;
				DEVELOPMENT_ASSET_PATHS = "\"AI  App 3.0/Preview Content\"";
				DEVELOPMENT_TEAM = UWK5872W78;
				ENABLE_PREVIEWS = YES;
				GENERATE_INFOPLIST_FILE = YES;
				INFOPLIST_KEY_UIApplicationSceneManifest_Generation = YES;
				INFOPLIST_KEY_UIApplicationSupportsIndirectInputEvents = YES;
				INFOPLIST_KEY_UILaunchScreen_Generation = YES;
				INFOPLIST_KEY_UISupportedInterfaceOrientations_iPad = "UIInterfaceOrientationPortrait UIInterfaceOrientationPortraitUpsideDown UIInterfaceOrientationLandscapeLeft UIInterfaceOrientationLandscapeRight";
				INFOPLIST_KEY_UISupportedInterfaceOrientations_iPhone = "UIInterfaceOrientationPortrait UIInterfaceOrientationLandscapeLeft UIInterfaceOrientationLandscapeRight";
				LD_RUNPATH_SEARCH_PATHS = (
					"$(inherited)",
					"@executable_path/Frameworks",
				);
				MARKETING_VERSION = 1.0;
				PRODUCT_BUNDLE_IDENTIFIER = "ai.spp.AI--App-3-0";
				PRODUCT_NAME = "$(TARGET_NAME)";
				SWIFT_EMIT_LOC_STRINGS = YES;
				SWIFT_VERSION = 5.0;
				TARGETED_DEVICE_FAMILY = "1,2";
			};
			name = Release;
		};
		DD36F4292DF10EC500526C86 /* Debug */ = {
			isa = XCBuildConfiguration;
			buildSettings = {
				BUNDLE_LOADER = "$(TEST_HOST)";
				CODE_SIGN_STYLE = Automatic;
				CURRENT_PROJECT_VERSION = 1;
				DEVELOPMENT_TEAM = UWK5872W78;
				GENERATE_INFOPLIST_FILE = YES;
				IPHONEOS_DEPLOYMENT_TARGET = 18.1;
				MARKETING_VERSION = 1.0;
				PRODUCT_BUNDLE_IDENTIFIER = "ai.spp.AI--App-3-0Tests";
				PRODUCT_NAME = "$(TARGET_NAME)";
				SWIFT_EMIT_LOC_STRINGS = NO;
				SWIFT_VERSION = 5.0;
				TARGETED_DEVICE_FAMILY = "1,2";
				TEST_HOST = "$(BUILT_PRODUCTS_DIR)/AI  App 3.0.app/$(BUNDLE_EXECUTABLE_FOLDER_PATH)/AI  App 3.0";
			};
			name = Debug;
		};
		DD36F42A2DF10EC500526C86 /* Release */ = {
			isa = XCBuildConfiguration;
			buildSettings = {
				BUNDLE_LOADER = "$(TEST_HOST)";
				CODE_SIGN_STYLE = Automatic;
				CURRENT_PROJECT_VERSION = 1;
				DEVELOPMENT_TEAM = UWK5872W78;
				GENERATE_INFOPLIST_FILE = YES;
				IPHONEOS_DEPLOYMENT_TARGET = 18.1;
				MARKETING_VERSION = 1.0;
				PRODUCT_BUNDLE_IDENTIFIER = "ai.spp.AI--App-3-0Tests";
				PRODUCT_NAME = "$(TARGET_NAME)";
				SWIFT_EMIT_LOC_STRINGS = NO;
				SWIFT_VERSION = 5.0;
				TARGETED_DEVICE_FAMILY = "1,2";
				TEST_HOST = "$(BUILT_PRODUCTS_DIR)/AI  App 3.0.app/$(BUNDLE_EXECUTABLE_FOLDER_PATH)/AI  App 3.0";
			};
			name = Release;
		};
		DD36F42C2DF10EC500526C86 /* Debug */ = {
			isa = XCBuildConfiguration;
			buildSettings = {
				CODE_SIGN_STYLE = Automatic;
				CURRENT_PROJECT_VERSION = 1;
				DEVELOPMENT_TEAM = UWK5872W78;
				GENERATE_INFOPLIST_FILE = YES;
				MARKETING_VERSION = 1.0;
				PRODUCT_BUNDLE_IDENTIFIER = "ai.spp.AI--App-3-0UITests";
				PRODUCT_NAME = "$(TARGET_NAME)";
				SWIFT_EMIT_LOC_STRINGS = NO;
				SWIFT_VERSION = 5.0;
				TARGETED_DEVICE_FAMILY = "1,2";
				TEST_TARGET_NAME = "AI  App 3.0";
			};
			name = Debug;
		};
		DD36F42D2DF10EC500526C86 /* Release */ = {
			isa = XCBuildConfiguration;
			buildSettings = {
				CODE_SIGN_STYLE = Automatic;
				CURRENT_PROJECT_VERSION = 1;
				DEVELOPMENT_TEAM = UWK5872W78;
				GENERATE_INFOPLIST_FILE = YES;
				MARKETING_VERSION = 1.0;
				PRODUCT_BUNDLE_IDENTIFIER = "ai.spp.AI--App-3-0UITests";
				PRODUCT_NAME = "$(TARGET_NAME)";
				SWIFT_EMIT_LOC_STRINGS = NO;
				SWIFT_VERSION = 5.0;
				TARGETED_DEVICE_FAMILY = "1,2";
				TEST_TARGET_NAME = "AI  App 3.0";
			};
			name = Release;
		};
/* End XCBuildConfiguration section */

/* Begin XCConfigurationList section */
		DD36F3FA2DF10EBF00526C86 /* Build configuration list for PBXProject "AI  App 3.0" */ = {
			isa = XCConfigurationList;
			buildConfigurations = (
				DD36F4232DF10EC500526C86 /* Debug */,
				DD36F4242DF10EC500526C86 /* Release */,
			);
			defaultConfigurationIsVisible = 0;
			defaultConfigurationName = Release;
		};
		DD36F4252DF10EC500526C86 /* Build configuration list for PBXNativeTarget "AI  App 3.0" */ = {
			isa = XCConfigurationList;
			buildConfigurations = (
				DD36F4262DF10EC500526C86 /* Debug */,
				DD36F4272DF10EC500526C86 /* Release */,
			);
			defaultConfigurationIsVisible = 0;
			defaultConfigurationName = Release;
		};
		DD36F4282DF10EC500526C86 /* Build configuration list for PBXNativeTarget "AI  App 3.0Tests" */ = {
			isa = XCConfigurationList;
			buildConfigurations = (
				DD36F4292DF10EC500526C86 /* Debug */,
				DD36F42A2DF10EC500526C86 /* Release */,
			);
			defaultConfigurationIsVisible = 0;
			defaultConfigurationName = Release;
		};
		DD36F42B2DF10EC500526C86 /* Build configuration list for PBXNativeTarget "AI  App 3.0UITests" */ = {
			isa = XCConfigurationList;
			buildConfigurations = (
				DD36F42C2DF10EC500526C86 /* Debug */,
				DD36F42D2DF10EC500526C86 /* Release */,
			);
			defaultConfigurationIsVisible = 0;
			defaultConfigurationName = Release;
		};
/* End XCConfigurationList section */
	};
	rootObject = DD36F3F72DF10EBF00526C86 /* Project object */;
}
